
Microsoft Visual Studio Solution File, Format Version 12.00
# Visual Studio Version 16
VisualStudioVersion = 16.0.31911.196
MinimumVisualStudioVersion = 10.0.40219.1
Project("{FAE04EC0-301F-11D3-BF4B-00C04F79EFBC}") = "JsonSerializeSample", "JsonSerializeSample\JsonSerializeSample.csproj", "{99B562B0-6BF4-4315-8B85-D0479851BFC5}"
EndProject
Global
	GlobalSection(SolutionConfigurationPlatforms) = preSolution
		Debug|Any CPU = Debug|Any CPU
		Release|Any CPU = Release|Any CPU
	EndGlobalSection
	GlobalSection(ProjectConfigurationPlatforms) = postSolution
		{99B562B0-6BF4-4315-8B85-D0479851BFC5}.Debug|Any CPU.ActiveCfg = Debug|Any CPU
		{99B562B0-6BF4-4315-8B85-D0479851BFC5}.Debug|Any CPU.Build.0 = Debug|Any CPU
		{99B562B0-6BF4-4315-8B85-D0479851BFC5}.Release|Any CPU.ActiveCfg = Release|Any CPU
		{99B562B0-6BF4-4315-8B85-D0479851BFC5}.Release|Any CPU.Build.0 = Release|Any CPU
	EndGlobalSection
	GlobalSection(SolutionProperties) = preSolution
		HideSolutionNode = FALSE
	EndGlobalSection
	GlobalSection(ExtensibilityGlobals) = postSolution
		SolutionGuid = {050B1A77-F6F2-424B-AF61-A1DAAB3F8987}
	EndGlobalSection
EndGlobal
